
Microsoft Visual Studio Solution File, Format Version 12.00
# Visual Studio Version 16
VisualStudioVersion = 16.0.31515.178
MinimumVisualStudioVersion = 10.0.40219.1
Project("{FAE04EC0-301F-11D3-BF4B-00C04F79EFBC}") = "Week7Day3.Calcolatrice.Test", "Week7Day3.Calcolatrice.Test\Week7Day3.Calcolatrice.Test.csproj", "{E4316021-1F6E-4EA3-9B4F-FC913E0A2AEE}"
EndProject
Project("{FAE04EC0-301F-11D3-BF4B-00C04F79EFBC}") = "Wee7Day3.Calcolatrice.Core", "Wee7Day3.Calcolatrice.Core\Wee7Day3.Calcolatrice.Core.csproj", "{DB6EA66F-10E8-4529-8D7E-BFD74C26381E}"
EndProject
Project("{FAE04EC0-301F-11D3-BF4B-00C04F79EFBC}") = "Week7Day3.Calcolatrice", "Week7Day3.Calcolatrice\Week7Day3.Calcolatrice.csproj", "{8A34B456-E743-4B8D-AE1F-61B08424D778}"
EndProject
Global
	GlobalSection(SolutionConfigurationPlatforms) = preSolution
		Debug|Any CPU = Debug|Any CPU
		Release|Any CPU = Release|Any CPU
	EndGlobalSection
	GlobalSection(ProjectConfigurationPlatforms) = postSolution
		{E4316021-1F6E-4EA3-9B4F-FC913E0A2AEE}.Debug|Any CPU.ActiveCfg = Debug|Any CPU
		{E4316021-1F6E-4EA3-9B4F-FC913E0A2AEE}.Debug|Any CPU.Build.0 = Debug|Any CPU
		{E4316021-1F6E-4EA3-9B4F-FC913E0A2AEE}.Release|Any CPU.ActiveCfg = Release|Any CPU
		{E4316021-1F6E-4EA3-9B4F-FC913E0A2AEE}.Release|Any CPU.Build.0 = Release|Any CPU
		{DB6EA66F-10E8-4529-8D7E-BFD74C26381E}.Debug|Any CPU.ActiveCfg = Debug|Any CPU
		{DB6EA66F-10E8-4529-8D7E-BFD74C26381E}.Debug|Any CPU.Build.0 = Debug|Any CPU
		{DB6EA66F-10E8-4529-8D7E-BFD74C26381E}.Release|Any CPU.ActiveCfg = Release|Any CPU
		{DB6EA66F-10E8-4529-8D7E-BFD74C26381E}.Release|Any CPU.Build.0 = Release|Any CPU
		{8A34B456-E743-4B8D-AE1F-61B08424D778}.Debug|Any CPU.ActiveCfg = Debug|Any CPU
		{8A34B456-E743-4B8D-AE1F-61B08424D778}.Debug|Any CPU.Build.0 = Debug|Any CPU
		{8A34B456-E743-4B8D-AE1F-61B08424D778}.Release|Any CPU.ActiveCfg = Release|Any CPU
		{8A34B456-E743-4B8D-AE1F-61B08424D778}.Release|Any CPU.Build.0 = Release|Any CPU
	EndGlobalSection
	GlobalSection(SolutionProperties) = preSolution
		HideSolutionNode = FALSE
	EndGlobalSection
	GlobalSection(ExtensibilityGlobals) = postSolution
		SolutionGuid = {54CEEA73-E5E6-430D-B671-AE8D9CA7E67D}
	EndGlobalSection
EndGlobal
